# This file was autogenerated by Stack.
# You should not edit this file by hand.
# For more information, please see the documentation at:
#   https://docs.haskellstack.org/en/stable/lock_files

packages:
- completed:
    commit: 27a3cca66ef4d225b83b57646a279ec9e0c2f970
    git: https://github.com/space-vacuum/aeson-pretty.git
    name: aeson-pretty
    pantry-tree:
      sha256: 04e0ac8d63a3e3b7a2d7d0c25f0057afe4b2a76237c16f98649ca924105a2b7d
      size: 578
    version: 0.8.10
  original:
    commit: 27a3cca66ef4d225b83b57646a279ec9e0c2f970
    git: https://github.com/space-vacuum/aeson-pretty.git
- completed:
    hackage: base-compat-batteries-0.13.0@sha256:bc348124f46ed073989389d3c91e21d4d595db76a1fa975665c84229a7332e28,8985
    pantry-tree:
      sha256: a43183c248f1a99216fb60148a8b3d3cf7823aea64b9d07eaf7731dccfa16879
      size: 11780
  original:
    hackage: base-compat-batteries-0.13.0
- completed:
    hackage: integer-conversion-0.1@sha256:9f77cc7711d3100a4483f2dd1a22f4be5b59d235a556d910d0e6c5e90a967551,2208
    pantry-tree:
      sha256: 17063e15091711b54f9a4a9ccb032f3c2ed68bb4ba097243333469ad8462b748
      size: 509
  original:
    hackage: integer-conversion-0.1
- completed:
    hackage: text-iso8601-0.1@sha256:fc10d8de72fc094d0d299644f17421b9430d1c1092a1355c7f0c02d8b6edf6a7,2371
    pantry-tree:
      sha256: f72aa62f5f4d1155b3d3f35e8227548a27cee83fb5d0742564b5ef26597f1431
      size: 427
  original:
    hackage: text-iso8601-0.1
- completed:
    hackage: th-abstraction-0.5.0.0@sha256:4351cadf6bf0ca80c90225bae0b12f4cfdd550f30c333b050186af5a8bc19457,2236
    pantry-tree:
      sha256: f1e547789ee75cf1d880c2dd6498254e9a37de052842b573b43c4b4a1ebcfd6d
      size: 670
  original:
    hackage: th-abstraction-0.5.0.0
- completed:
    hackage: base-compat-0.13.0@sha256:5ebd0e68acc0de64a945bf0bebcd39d4869a4ea3618cdd5ec639aac527bf599e,7210
    pantry-tree:
      sha256: 61eaa39e4859a136aefb532211fb7f62c075bed301bf3d2087b2a8633131205d
      size: 9610
  original:
    hackage: base-compat-0.13.0
snapshots:
- completed:
    sha256: 97710f56bf093fca0ee5d8dbe19d96b654c752e405b66795b4baedd84a794c60
    size: 640010
    url: https://raw.githubusercontent.com/commercialhaskell/stackage-snapshots/master/lts/21/3.yaml
  original: lts-21.3
